{
  "object": {
    "pins": [
      {
        "package": "Alamofire",
        "repositoryURL": "https://github.com/Alamofire/Alamofire.git",
        "state": {
          "branch": null,
          "revision": "513364f870f6bfc468f9d2ff0a95caccc10044c5",
          "version": "5.10.2"
        }
      },
      {
        "package": "Datadog",
        "repositoryURL": "https://github.com/DataDog/dd-sdk-ios",
        "state": {
          "branch": null,
          "revision": "3e2a5583661cdca6aaf600c80aea4c856b64d854",
          "version": "2.30.2"
        }
      },
      {
        "package": "NFCPassportReader",
        "repositoryURL": "https://github.com/AndyQ/NFCPassportReader.git",
        "state": {
          "branch": null,
          "revision": "deec44982fa9bf2704a5f2138eb01dab7dcf9299",
          "version": "2.3.0"
        }
      },
      {
        "package": "opentelemetry-swift",
        "repositoryURL": "https://github.com/DataDog/opentelemetry-swift-packages.git",
        "state": {
          "branch": null,
          "revision": "4a7295600d4ebb9525a23c11586c5fdb74ae8b7e",
          "version": "1.13.1"
        }
      },
      {
        "package": "OpenSSL",
        "repositoryURL": "https://github.com/krzyzanowskim/OpenSSL-Package.git",
        "state": {
          "branch": null,
          "revision": "71dbe0b4514cdaad95961470db72e8231f5943a6",
          "version": "3.3.3001"
        }
      },
      {
        "package": "PLCrashReporter",
        "repositoryURL": "https://github.com/microsoft/plcrashreporter.git",
        "state": {
          "branch": null,
          "revision": "0254f941c646b1ed17b243654723d0f071e990d0",
          "version": "1.12.2"
        }
      }
    ]
  },
  "version": 1
}
