{
  "object": {
    "pins": [
      {
        "package": "Alamofire",
        "repositoryURL": "https://github.com/Alamofire/Alamofire.git",
        "state": {
          "branch": null,
          "revision": "513364f870f6bfc468f9d2ff0a95caccc10044c5",
          "version": "5.10.2"
        }
      },
      {
        "package": "NFCPassportReader",
        "repositoryURL": "https://github.com/AndyQ/NFCPassportReader.git",
        "state": {
          "branch": null,
          "revision": "deec44982fa9bf2704a5f2138eb01dab7dcf9299",
          "version": "2.3.0"
        }
      },
      {
        "package": "OpenSSL",
        "repositoryURL": "https://github.com/krzyzanowskim/OpenSSL-Package.git",
        "state": {
          "branch": null,
          "revision": "71dbe0b4514cdaad95961470db72e8231f5943a6",
          "version": "3.3.3001"
        }
      }
    ]
  },
  "version": 1
}
